// !$*UTF8*$!
{
	archiveVersion = 1;
	classes = {
	};
	objectVersion = 46;
	objects = {

/* Begin PBXBuildFile section */
		7CBEE2251CA801E300C429B7 /* main.cpp in Sources */ = {isa = PBXBuildFile; fileRef = 7CBEE2241CA801E300C429B7 /* main.cpp */; };
		7CC603C71CABCDF00084C137 /* asd.cpp in Sources */ = {isa = PBXBuildFile; fileRef = 7CC603C51CABCDF00084C137 /* asd.cpp */; };
/* End PBXBuildFile section */

/* Begin PBXCopyFilesBuildPhase section */
		7CBEE21F1CA801E300C429B7 /* CopyFiles */ = {
			isa = PBXCopyFilesBuildPhase;
			buildActionMask = 2147483647;
			dstPath = /usr/share/man/man1/;
			dstSubfolderSpec = 0;
			files = (
			);
			runOnlyForDeploymentPostprocessing = 1;
		};
/* End PBXCopyFilesBuildPhase section */

/* Begin PBXFileReference section */
		7CBEE2211CA801E300C429B7 /* PointersC */ = {isa = PBXFileReference; explicitFileType = "compiled.mach-o.executable"; includeInIndex = 0; path = PointersC; sourceTree = BUILT_PRODUCTS_DIR; };
		7CBEE2241CA801E300C429B7 /* main.cpp */ = {isa = PBXFileReference; lastKnownFileType = sourcecode.cpp.cpp; path = main.cpp; sourceTree = "<group>"; };
		7CC603C51CABCDF00084C137 /* asd.cpp */ = {isa = PBXFileReference; fileEncoding = 4; lastKnownFileType = sourcecode.cpp.cpp; path = asd.cpp; sourceTree = "<group>"; };
		7CC603C61CABCDF00084C137 /* asd.hpp */ = {isa = PBXFileReference; fileEncoding = 4; lastKnownFileType = sourcecode.cpp.h; path = asd.hpp; sourceTree = "<group>"; };
/* End PBXFileReference section */

/* Begin PBXFrameworksBuildPhase section */
		7CBEE21E1CA801E300C429B7 /* Frameworks */ = {
			isa = PBXFrameworksBuildPhase;
			buildActionMask = 2147483647;
			files = (
			);
			runOnlyForDeploymentPostprocessing = 0;
		};
/* End PBXFrameworksBuildPhase section */

/* Begin PBXGroup section */
		7CBEE2181CA801E300C429B7 = {
			isa = PBXGroup;
			children = (
				7CBEE2231CA801E300C429B7 /* PointersC */,
				7CBEE2221CA801E300C429B7 /* Products */,
			);
			sourceTree = "<group>";
		};
		7CBEE2221CA801E300C429B7 /* Products */ = {
			isa = PBXGroup;
			children = (
				7CBEE2211CA801E300C429B7 /* PointersC */,
			);
			name = Products;
			sourceTree = "<group>";
		};
		7CBEE2231CA801E300C429B7 /* PointersC */ = {
			isa = PBXGroup;
			children = (
				7CBEE2241CA801E300C429B7 /* main.cpp */,
				7CC603C51CABCDF00084C137 /* asd.cpp */,
				7CC603C61CABCDF00084C137 /* asd.hpp */,
			);
			path = PointersC;
			sourceTree = "<group>";
		};
/* End PBXGroup section */

/* Begin PBXNativeTarget section */
		7CBEE2201CA801E300C429B7 /* PointersC */ = {
			isa = PBXNativeTarget;
			buildConfigurationList = 7CBEE2281CA801E300C429B7 /* Build configuration list for PBXNativeTarget "PointersC" */;
			buildPhases = (
				7CBEE21D1CA801E300C429B7 /* Sources */,
				7CBEE21E1CA801E300C429B7 /* Frameworks */,
				7CBEE21F1CA801E300C429B7 /* CopyFiles */,
			);
			buildRules = (
			);
			dependencies = (
			);
			name = PointersC;
			productName = PointersC;
			productReference = 7CBEE2211CA801E300C429B7 /* PointersC */;
			productType = "com.apple.product-type.tool";
		};
/* End PBXNativeTarget section */

/* Begin PBXProject section */
		7CBEE2191CA801E300C429B7 /* Project object */ = {
			isa = PBXProject;
			attributes = {
				LastUpgradeCheck = 0720;
				ORGANIZATIONNAME = "Binh Huynh";
				TargetAttributes = {
					7CBEE2201CA801E300C429B7 = {
						CreatedOnToolsVersion = 7.2.1;
					};
				};
			};
			buildConfigurationList = 7CBEE21C1CA801E300C429B7 /* Build configuration list for PBXProject "PointersC" */;
			compatibilityVersion = "Xcode 3.2";
			developmentRegion = English;
			hasScannedForEncodings = 0;
			knownRegions = (
				en,
			);
			mainGroup = 7CBEE2181CA801E300C429B7;
			productRefGroup = 7CBEE2221CA801E300C429B7 /* Products */;
			projectDirPath = "";
			projectRoot = "";
			targets = (
				7CBEE2201CA801E300C429B7 /* PointersC */,
			);
		};
/* End PBXProject section */

/* Begin PBXSourcesBuildPhase section */
		7CBEE21D1CA801E300C429B7 /* Sources */ = {
			isa = PBXSourcesBuildPhase;
			buildActionMask = 2147483647;
			files = (
				7CC603C71CABCDF00084C137 /* asd.cpp in Sources */,
				7CBEE2251CA801E300C429B7 /* main.cpp in Sources */,
			);
			runOnlyForDeploymentPostprocessing = 0;
		};
/* End PBXSourcesBuildPhase section */

/* Begin XCBuildConfiguration section */
		7CBEE2261CA801E300C429B7 /* Debug */ = {
			isa = XCBuildConfiguration;
			buildSettings = {
				ALWAYS_SEARCH_USER_PATHS = NO;
				CLANG_CXX_LANGUAGE_STANDARD = "gnu++0x";
				CLANG_CXX_LIBRARY = "libc++";
				CLANG_ENABLE_MODULES = YES;
				CLANG_ENABLE_OBJC_ARC = YES;
				CLANG_WARN_BOOL_CONVERSION = YES;
				CLANG_WARN_CONSTANT_CONVERSION = YES;
				CLANG_WARN_DIRECT_OBJC_ISA_USAGE = YES_ERROR;
				CLANG_WARN_EMPTY_BODY = YES;
				CLANG_WARN_ENUM_CONVERSION = YES;
				CLANG_WARN_INT_CONVERSION = YES;
				CLANG_WARN_OBJC_ROOT_CLASS = YES_ERROR;
				CLANG_WARN_UNREACHABLE_CODE = YES;
				CLANG_WARN__DUPLICATE_METHOD_MATCH = YES;
				CODE_SIGN_IDENTITY = "-";
				COPY_PHASE_STRIP = NO;
				DEBUG_INFORMATION_FORMAT = dwarf;
				ENABLE_STRICT_OBJC_MSGSEND = YES;
				ENABLE_TESTABILITY = YES;
				GCC_C_LANGUAGE_STANDARD = gnu99;
				GCC_DYNAMIC_NO_PIC = NO;
				GCC_NO_COMMON_BLOCKS = YES;
				GCC_OPTIMIZATION_LEVEL = 0;
				GCC_PREPROCESSOR_DEFINITIONS = (
					"DEBUG=1",
					"$(inherited)",
				);
				GCC_WARN_64_TO_32_BIT_CONVERSION = YES;
				GCC_WARN_ABOUT_RETURN_TYPE = YES_ERROR;
				GCC_WARN_UNDECLARED_SELECTOR = YES;
				GCC_WARN_UNINITIALIZED_AUTOS = YES_AGGRESSIVE;
				GCC_WARN_UNUSED_FUNCTION = YES;
				GCC_WARN_UNUSED_VARIABLE = YES;
				MACOSX_DEPLOYMENT_TARGET = 10.11;
				MTL_ENABLE_DEBUG_INFO = YES;
				ONLY_ACTIVE_ARCH = YES;
				SDKROOT = macosx;
			};
			name = Debug;
		};
		7CBEE2271CA801E300C429B7 /* Release */ = {
			isa = XCBuildConfiguration;
			buildSettings = {
				ALWAYS_SEARCH_USER_PATHS = NO;
				CLANG_CXX_LANGUAGE_STANDARD = "gnu++0x";
				CLANG_CXX_LIBRARY = "libc++";
				CLANG_ENABLE_MODULES = YES;
				CLANG_ENABLE_OBJC_ARC = YES;
				CLANG_WARN_BOOL_CONVERSION = YES;
				CLANG_WARN_CONSTANT_CONVERSION = YES;
				CLANG_WARN_DIRECT_OBJC_ISA_USAGE = YES_ERROR;
				CLANG_WARN_EMPTY_BODY = YES;
				CLANG_WARN_ENUM_CONVERSION = YES;
				CLANG_WARN_INT_CONVERSION = YES;
				CLANG_WARN_OBJC_ROOT_CLASS = YES_ERROR;
				CLANG_WARN_UNREACHABLE_CODE = YES;
				CLANG_WARN__DUPLICATE_METHOD_MATCH = YES;
				CODE_SIGN_IDENTITY = "-";
				COPY_PHASE_STRIP = NO;
				DEBUG_INFORMATION_FORMAT = "dwarf-with-dsym";
				ENABLE_NS_ASSERTIONS = NO;
				ENABLE_STRICT_OBJC_MSGSEND = YES;
				GCC_C_LANGUAGE_STANDARD = gnu99;
				GCC_NO_COMMON_BLOCKS = YES;
				GCC_WARN_64_TO_32_BIT_CONVERSION = YES;
				GCC_WARN_ABOUT_RETURN_TYPE = YES_ERROR;
				GCC_WARN_UNDECLARED_SELECTOR = YES;
				GCC_WARN_UNINITIALIZED_AUTOS = YES_AGGRESSIVE;
				GCC_WARN_UNUSED_FUNCTION = YES;
				GCC_WARN_UNUSED_VARIABLE = YES;
				MACOSX_DEPLOYMENT_TARGET = 10.11;
				MTL_ENABLE_DEBUG_INFO = NO;
				SDKROOT = macosx;
			};
			name = Release;
		};
		7CBEE2291CA801E300C429B7 /* Debug */ = {
			isa = XCBuildConfiguration;
			buildSettings = {
				PRODUCT_NAME = "$(TARGET_NAME)";
			};
			name = Debug;
		};
		7CBEE22A1CA801E300C429B7 /* Release */ = {
			isa = XCBuildConfiguration;
			buildSettings = {
				PRODUCT_NAME = "$(TARGET_NAME)";
			};
			name = Release;
		};
/* End XCBuildConfiguration section */

/* Begin XCConfigurationList section */
		7CBEE21C1CA801E300C429B7 /* Build configuration list for PBXProject "PointersC" */ = {
			isa = XCConfigurationList;
			buildConfigurations = (
				7CBEE2261CA801E300C429B7 /* Debug */,
				7CBEE2271CA801E300C429B7 /* Release */,
			);
			defaultConfigurationIsVisible = 0;
			defaultConfigurationName = Release;
		};
		7CBEE2281CA801E300C429B7 /* Build configuration list for PBXNativeTarget "PointersC" */ = {
			isa = XCConfigurationList;
			buildConfigurations = (
				7CBEE2291CA801E300C429B7 /* Debug */,
				7CBEE22A1CA801E300C429B7 /* Release */,
			);
			defaultConfigurationIsVisible = 0;
			defaultConfigurationName = Release;
		};
/* End XCConfigurationList section */
	};
	rootObject = 7CBEE2191CA801E300C429B7 /* Project object */;
}
